
Microsoft Visual Studio Solution File, Format Version 12.00
# Visual Studio 15
VisualStudioVersion = 15.0.26730.12
MinimumVisualStudioVersion = 10.0.40219.1
Project("{FAE04EC0-301F-11D3-BF4B-00C04F79EFBC}") = "IdentityServer", "IdentityServer\IdentityServer.csproj", "{7515C5A1-53B8-49AC-8E8F-B904345DE110}"
EndProject
Global
	GlobalSection(SolutionConfigurationPlatforms) = preSolution
		Debug|Any CPU = Debug|Any CPU
		Release|Any CPU = Release|Any CPU
	EndGlobalSection
	GlobalSection(ProjectConfigurationPlatforms) = postSolution
		{7515C5A1-53B8-49AC-8E8F-B904345DE110}.Debug|Any CPU.ActiveCfg = Debug|Any CPU
		{7515C5A1-53B8-49AC-8E8F-B904345DE110}.Debug|Any CPU.Build.0 = Debug|Any CPU
		{7515C5A1-53B8-49AC-8E8F-B904345DE110}.Release|Any CPU.ActiveCfg = Release|Any CPU
		{7515C5A1-53B8-49AC-8E8F-B904345DE110}.Release|Any CPU.Build.0 = Release|Any CPU
	EndGlobalSection
	GlobalSection(SolutionProperties) = preSolution
		HideSolutionNode = FALSE
	EndGlobalSection
	GlobalSection(ExtensibilityGlobals) = postSolution
		SolutionGuid = {CC6F10D8-D708-4175-B478-8C7F30C73554}
	EndGlobalSection
EndGlobal
